
Microsoft Visual Studio Solution File, Format Version 12.00
# Visual Studio Version 17
VisualStudioVersion = 17.13.35931.197
MinimumVisualStudioVersion = 10.0.40219.1
Project("{FAE04EC0-301F-11D3-BF4B-00C04F79EFBC}") = "GameVault", "GameVault\GameVault.csproj", "{5E8EB4E8-CD04-43B9-AAE4-AE6B09CC0C02}"
EndProject
Global
	GlobalSection(SolutionConfigurationPlatforms) = preSolution
		Debug|Any CPU = Debug|Any CPU
		Release|Any CPU = Release|Any CPU
	EndGlobalSection
	GlobalSection(ProjectConfigurationPlatforms) = postSolution
		{5E8EB4E8-CD04-43B9-AAE4-AE6B09CC0C02}.Debug|Any CPU.ActiveCfg = Debug|Any CPU
		{5E8EB4E8-CD04-43B9-AAE4-AE6B09CC0C02}.Debug|Any CPU.Build.0 = Debug|Any CPU
		{5E8EB4E8-CD04-43B9-AAE4-AE6B09CC0C02}.Release|Any CPU.ActiveCfg = Release|Any CPU
		{5E8EB4E8-CD04-43B9-AAE4-AE6B09CC0C02}.Release|Any CPU.Build.0 = Release|Any CPU
	EndGlobalSection
	GlobalSection(SolutionProperties) = preSolution
		HideSolutionNode = FALSE
	EndGlobalSection
	GlobalSection(ExtensibilityGlobals) = postSolution
		SolutionGuid = {C8E5B9D9-D48B-4088-8CA9-4557AB2C3D42}
	EndGlobalSection
EndGlobal
